# This file was autogenerated by Stack.
# You should not edit this file by hand.
# For more information, please see the documentation at:
#   https://docs.haskellstack.org/en/stable/lock_files

packages:
- completed:
    hackage: servant-multipart-0.12@sha256:aa81dd0478270ade4a21b75611d5bc9cce8107df2e89c37b9964a3421629825d,2761
    pantry-tree:
      size: 386
      sha256: 51c4e9e8be3ee80689bb6df46aee484a4f434dbeb33f4379ed8d1741fe4631cd
  original:
    hackage: servant-multipart-0.12
snapshots:
- completed:
    size: 532832
    url: https://raw.githubusercontent.com/commercialhaskell/stackage-snapshots/master/lts/16/23.yaml
    sha256: fbb2a0519008533924c7753bd7164ddd1009f09504eb06674acad6049b46db09
  original: lts-16.23
